// !$*UTF8*$!
{
	archiveVersion = 1;
	classes = {
	};
	objectVersion = 54;
	objects = {

/* Begin PBXBuildFile section */
		CF4D91432A0FF994000BE331 /* ListRepoPageController.swift in Sources */ = {isa = PBXBuildFile; fileRef = CF4D91422A0FF994000BE331 /* ListRepoPageController.swift */; };
		CF4D91482A0FFAEC000BE331 /* ListRepoPageFactory.swift in Sources */ = {isa = PBXBuildFile; fileRef = CF4D91472A0FFAEC000BE331 /* ListRepoPageFactory.swift */; };
		CF4D914B2A0FFB3C000BE331 /* ListRepoPageCoordinator.swift in Sources */ = {isa = PBXBuildFile; fileRef = CF4D914A2A0FFB3C000BE331 /* ListRepoPageCoordinator.swift */; };
		CF4D91502A0FFBAE000BE331 /* Coordinator.swift in Sources */ = {isa = PBXBuildFile; fileRef = CF4D914F2A0FFBAE000BE331 /* Coordinator.swift */; };
		CF4D91522A0FFC07000BE331 /* ListResposPageViewModel.swift in Sources */ = {isa = PBXBuildFile; fileRef = CF4D91512A0FFC07000BE331 /* ListResposPageViewModel.swift */; };
		CFA0234E2A38CAF10056154D /* URLPathBuildable.swift in Sources */ = {isa = PBXBuildFile; fileRef = CFA0234D2A38CAF10056154D /* URLPathBuildable.swift */; };
		CFAB5CAE2A0FFF110091F1FF /* Card.swift in Sources */ = {isa = PBXBuildFile; fileRef = CFAB5CAD2A0FFF110091F1FF /* Card.swift */; };
		CFAB5CB02A0FFF5A0091F1FF /* NetworkConnectable.swift in Sources */ = {isa = PBXBuildFile; fileRef = CFAB5CAF2A0FFF5A0091F1FF /* NetworkConnectable.swift */; };
		CFAB5CB82A1002B30091F1FF /* RequestParams.swift in Sources */ = {isa = PBXBuildFile; fileRef = CFAB5CB72A1002B30091F1FF /* RequestParams.swift */; };
		CFAB5CBB2A1006160091F1FF /* NetworkHeaderFactory.swift in Sources */ = {isa = PBXBuildFile; fileRef = CFAB5CBA2A1006160091F1FF /* NetworkHeaderFactory.swift */; };
		CFAB5CBD2A100E430091F1FF /* NetworkError.swift in Sources */ = {isa = PBXBuildFile; fileRef = CFAB5CBC2A100E430091F1FF /* NetworkError.swift */; };
		CFAB5CC22A10476D0091F1FF /* UserDetailProfile.swift in Sources */ = {isa = PBXBuildFile; fileRef = CFAB5CC12A10476D0091F1FF /* UserDetailProfile.swift */; };
		CFAB5CC42A1048C30091F1FF /* RepoListItem.swift in Sources */ = {isa = PBXBuildFile; fileRef = CFAB5CC32A1048C30091F1FF /* RepoListItem.swift */; };
		CFAB5CCA2A1053D30091F1FF /* ApiRoute.swift in Sources */ = {isa = PBXBuildFile; fileRef = CFAB5CC92A1053D30091F1FF /* ApiRoute.swift */; };
		CFAB5CD72A1059AF0091F1FF /* AppCoordinator.swift in Sources */ = {isa = PBXBuildFile; fileRef = CFAB5CD62A1059AF0091F1FF /* AppCoordinator.swift */; };
		CFAB5CDD2A105A250091F1FF /* UserDetailPageCoordinator.swift in Sources */ = {isa = PBXBuildFile; fileRef = CFAB5CD82A105A250091F1FF /* UserDetailPageCoordinator.swift */; };
		CFAB5CDE2A105A250091F1FF /* UserDetailPageController.swift in Sources */ = {isa = PBXBuildFile; fileRef = CFAB5CD92A105A250091F1FF /* UserDetailPageController.swift */; };
		CFAB5CDF2A105A250091F1FF /* UserDetailPageFactory.swift in Sources */ = {isa = PBXBuildFile; fileRef = CFAB5CDA2A105A250091F1FF /* UserDetailPageFactory.swift */; };
		CFAB5CE12A105A250091F1FF /* UserDetailPageViewModel.swift in Sources */ = {isa = PBXBuildFile; fileRef = CFAB5CDC2A105A250091F1FF /* UserDetailPageViewModel.swift */; };
		CFAB5CE82A105F010091F1FF /* ListUsersPageCoordinator.swift in Sources */ = {isa = PBXBuildFile; fileRef = CFAB5CE32A105F010091F1FF /* ListUsersPageCoordinator.swift */; };
		CFAB5CE92A105F010091F1FF /* ListUsersPageController.swift in Sources */ = {isa = PBXBuildFile; fileRef = CFAB5CE42A105F010091F1FF /* ListUsersPageController.swift */; };
		CFAB5CEA2A105F010091F1FF /* ListUsersPageFactory.swift in Sources */ = {isa = PBXBuildFile; fileRef = CFAB5CE52A105F010091F1FF /* ListUsersPageFactory.swift */; };
		CFAB5CEB2A105F010091F1FF /* ListUsersPageViewModel.swift in Sources */ = {isa = PBXBuildFile; fileRef = CFAB5CE62A105F010091F1FF /* ListUsersPageViewModel.swift */; };
		CFAB5CED2A1060620091F1FF /* FactoryPage.swift in Sources */ = {isa = PBXBuildFile; fileRef = CFAB5CEC2A1060620091F1FF /* FactoryPage.swift */; };
		CFAB5CF02A1114ED0091F1FF /* GenericTableViewCell.swift in Sources */ = {isa = PBXBuildFile; fileRef = CFAB5CEF2A1114ED0091F1FF /* GenericTableViewCell.swift */; };
		CFAB5CF32A1117C40091F1FF /* Identifier.swift in Sources */ = {isa = PBXBuildFile; fileRef = CFAB5CF22A1117C40091F1FF /* Identifier.swift */; };
		CFAB5CF52A111A3B0091F1FF /* CardModelHandler.swift in Sources */ = {isa = PBXBuildFile; fileRef = CFAB5CF42A111A3B0091F1FF /* CardModelHandler.swift */; };
		CFAB5CF72A111A840091F1FF /* CustomCell.swift in Sources */ = {isa = PBXBuildFile; fileRef = CFAB5CF62A111A840091F1FF /* CustomCell.swift */; };
		CFAB5CFB2A1121270091F1FF /* CardFactory.swift in Sources */ = {isa = PBXBuildFile; fileRef = CFAB5CFA2A1121270091F1FF /* CardFactory.swift */; };
		CFAB5CFD2A1124830091F1FF /* NetworkHeaderMaker.swift in Sources */ = {isa = PBXBuildFile; fileRef = CFAB5CFC2A1124830091F1FF /* NetworkHeaderMaker.swift */; };
		CFAB5CFF2A112D620091F1FF /* NetworkUserInfo.swift in Sources */ = {isa = PBXBuildFile; fileRef = CFAB5CFE2A112D620091F1FF /* NetworkUserInfo.swift */; };
		CFAB5D012A11CF6F0091F1FF /* SearchResult.swift in Sources */ = {isa = PBXBuildFile; fileRef = CFAB5D002A11CF6F0091F1FF /* SearchResult.swift */; };
		CFAB5D032A11D5480091F1FF /* Model.swift in Sources */ = {isa = PBXBuildFile; fileRef = CFAB5D022A11D5480091F1FF /* Model.swift */; };
		CFAB5D052A11DEE70091F1FF /* LayoutView.swift in Sources */ = {isa = PBXBuildFile; fileRef = CFAB5D042A11DEE70091F1FF /* LayoutView.swift */; };
		CFAB5D082A11E1940091F1FF /* CardUserListItemView.swift in Sources */ = {isa = PBXBuildFile; fileRef = CFAB5D072A11E1940091F1FF /* CardUserListItemView.swift */; };
		CFAB5D0A2A11E1BF0091F1FF /* CardRepoListItemView.swift in Sources */ = {isa = PBXBuildFile; fileRef = CFAB5D092A11E1BF0091F1FF /* CardRepoListItemView.swift */; };
		CFAB5D0C2A11E1DB0091F1FF /* CardUserProfileView.swift in Sources */ = {isa = PBXBuildFile; fileRef = CFAB5D0B2A11E1DB0091F1FF /* CardUserProfileView.swift */; };
		CFAB5D0E2A11EF1B0091F1FF /* CardTouch.swift in Sources */ = {isa = PBXBuildFile; fileRef = CFAB5D0D2A11EF1B0091F1FF /* CardTouch.swift */; };
		CFAB5D162A1208D00091F1FF /* SearchBarFactory.swift in Sources */ = {isa = PBXBuildFile; fileRef = CFAB5D152A1208D00091F1FF /* SearchBarFactory.swift */; };
		CFAB5D182A1217590091F1FF /* ListDataHandler.swift in Sources */ = {isa = PBXBuildFile; fileRef = CFAB5D172A1217590091F1FF /* ListDataHandler.swift */; };
		CFAB5D1A2A1218BF0091F1FF /* ListFactoryView.swift in Sources */ = {isa = PBXBuildFile; fileRef = CFAB5D192A1218BF0091F1FF /* ListFactoryView.swift */; };
		CFAB5D1E2A127B770091F1FF /* SearchHandlerEvents.swift in Sources */ = {isa = PBXBuildFile; fileRef = CFAB5D1D2A127B770091F1FF /* SearchHandlerEvents.swift */; };
		CFAB5D202A127C090091F1FF /* ViewModelHandlerEventsControllerDelegate.swift in Sources */ = {isa = PBXBuildFile; fileRef = CFAB5D1F2A127C090091F1FF /* ViewModelHandlerEventsControllerDelegate.swift */; };
		CFAB5D232A12F2F60091F1FF /* ColorAsset.swift in Sources */ = {isa = PBXBuildFile; fileRef = CFAB5D222A12F2F60091F1FF /* ColorAsset.swift */; };
		CFAB5D262A132D330091F1FF /* LoadingViewController.swift in Sources */ = {isa = PBXBuildFile; fileRef = CFAB5D252A132D330091F1FF /* LoadingViewController.swift */; };
		CFAB5D292A132F200091F1FF /* LoadingPresentable.swift in Sources */ = {isa = PBXBuildFile; fileRef = CFAB5D282A132F200091F1FF /* LoadingPresentable.swift */; };
		CFAB5D2C2A1332930091F1FF /* NavigationController.swift in Sources */ = {isa = PBXBuildFile; fileRef = CFAB5D2B2A1332930091F1FF /* NavigationController.swift */; };
		CFAB5D2E2A13342E0091F1FF /* LoadingManagers.swift in Sources */ = {isa = PBXBuildFile; fileRef = CFAB5D2D2A13342E0091F1FF /* LoadingManagers.swift */; };
		CFAB5D312A133B660091F1FF /* AlertViewFactory.swift in Sources */ = {isa = PBXBuildFile; fileRef = CFAB5D302A133B660091F1FF /* AlertViewFactory.swift */; };
		CFAB5D332A133C410091F1FF /* AlertPresentable.swift in Sources */ = {isa = PBXBuildFile; fileRef = CFAB5D322A133C410091F1FF /* AlertPresentable.swift */; };
		CFB6028A2A3A14080025310C /* SnapshotTesting in Frameworks */ = {isa = PBXBuildFile; productRef = CFB602892A3A14080025310C /* SnapshotTesting */; };
		CFB6028D2A3A14E40025310C /* NavigationControllerTests.swift in Sources */ = {isa = PBXBuildFile; fileRef = CFB6028C2A3A14E40025310C /* NavigationControllerTests.swift */; };
		CFB602902A3A17660025310C /* LoadingViewControllerTests.swift in Sources */ = {isa = PBXBuildFile; fileRef = CFB6028F2A3A17660025310C /* LoadingViewControllerTests.swift */; };
		CFB602932A3A18D90025310C /* UISearchTests.swift in Sources */ = {isa = PBXBuildFile; fileRef = CFB602922A3A18D90025310C /* UISearchTests.swift */; };
		CFD3A6B723DA308A00EB6D4D /* AppDelegate.swift in Sources */ = {isa = PBXBuildFile; fileRef = CFD3A6AC23DA308900EB6D4D /* AppDelegate.swift */; };
		CFD3A6BB23DA308A00EB6D4D /* Assets.xcassets in Resources */ = {isa = PBXBuildFile; fileRef = CFD3A6B423DA308A00EB6D4D /* Assets.xcassets */; };
		CFD3A6D723DA41FE00EB6D4D /* Localizable-pt-BR.strings in Resources */ = {isa = PBXBuildFile; fileRef = CFD3A6CF23DA3F9700EB6D4D /* Localizable-pt-BR.strings */; };
		CFD3A6DA23DA443200EB6D4D /* LocalizedText.swift in Sources */ = {isa = PBXBuildFile; fileRef = CFD3A6D923DA443200EB6D4D /* LocalizedText.swift */; };
		CFD3A6DC23DA462000EB6D4D /* Launch Screen.storyboard in Resources */ = {isa = PBXBuildFile; fileRef = CFD3A6DB23DA462000EB6D4D /* Launch Screen.storyboard */; };
		CFE2D5A52A0F4E02001F649F /* Alamofire in Frameworks */ = {isa = PBXBuildFile; productRef = CFE2D5A42A0F4E02001F649F /* Alamofire */; };
		CFE2D5A82A0F4E17001F649F /* Kingfisher in Frameworks */ = {isa = PBXBuildFile; productRef = CFE2D5A72A0F4E17001F649F /* Kingfisher */; };
		CFEAE39F2A396A15006F1A96 /* Alamofire in Frameworks */ = {isa = PBXBuildFile; productRef = CFEAE39E2A396A15006F1A96 /* Alamofire */; };
		CFEAE3A12A396A15006F1A96 /* Kingfisher in Frameworks */ = {isa = PBXBuildFile; productRef = CFEAE3A02A396A15006F1A96 /* Kingfisher */; };
		CFEAE3A22A396C03006F1A96 /* ListRepoPageController.swift in Sources */ = {isa = PBXBuildFile; fileRef = CF4D91422A0FF994000BE331 /* ListRepoPageController.swift */; };
		CFEAE3A32A396C03006F1A96 /* ListUsersPageViewModel.swift in Sources */ = {isa = PBXBuildFile; fileRef = CFAB5CE62A105F010091F1FF /* ListUsersPageViewModel.swift */; };
		CFEAE3A42A396C03006F1A96 /* NetworkHeaderMaker.swift in Sources */ = {isa = PBXBuildFile; fileRef = CFAB5CFC2A1124830091F1FF /* NetworkHeaderMaker.swift */; };
		CFEAE3A52A396C03006F1A96 /* SearchResult.swift in Sources */ = {isa = PBXBuildFile; fileRef = CFAB5D002A11CF6F0091F1FF /* SearchResult.swift */; };
		CFEAE3A62A396C03006F1A96 /* LoadingManagers.swift in Sources */ = {isa = PBXBuildFile; fileRef = CFAB5D2D2A13342E0091F1FF /* LoadingManagers.swift */; };
		CFEAE3A72A396C03006F1A96 /* CardFactory.swift in Sources */ = {isa = PBXBuildFile; fileRef = CFAB5CFA2A1121270091F1FF /* CardFactory.swift */; };
		CFEAE3A82A396C03006F1A96 /* UserDetailPageFactory.swift in Sources */ = {isa = PBXBuildFile; fileRef = CFAB5CDA2A105A250091F1FF /* UserDetailPageFactory.swift */; };
		CFEAE3A92A396C03006F1A96 /* LoadingViewController.swift in Sources */ = {isa = PBXBuildFile; fileRef = CFAB5D252A132D330091F1FF /* LoadingViewController.swift */; };
		CFEAE3AA2A396C03006F1A96 /* NetworkUserInfo.swift in Sources */ = {isa = PBXBuildFile; fileRef = CFAB5CFE2A112D620091F1FF /* NetworkUserInfo.swift */; };
		CFEAE3AB2A396C03006F1A96 /* SearchHandlerEvents.swift in Sources */ = {isa = PBXBuildFile; fileRef = CFAB5D1D2A127B770091F1FF /* SearchHandlerEvents.swift */; };
		CFEAE3AC2A396C03006F1A96 /* NavigationController.swift in Sources */ = {isa = PBXBuildFile; fileRef = CFAB5D2B2A1332930091F1FF /* NavigationController.swift */; };
		CFEAE3AD2A396C03006F1A96 /* RepoListItem.swift in Sources */ = {isa = PBXBuildFile; fileRef = CFAB5CC32A1048C30091F1FF /* RepoListItem.swift */; };
		CFEAE3AE2A396C03006F1A96 /* LocalizedText.swift in Sources */ = {isa = PBXBuildFile; fileRef = CFD3A6D923DA443200EB6D4D /* LocalizedText.swift */; };
		CFEAE3AF2A396C03006F1A96 /* UserDetailPageController.swift in Sources */ = {isa = PBXBuildFile; fileRef = CFAB5CD92A105A250091F1FF /* UserDetailPageController.swift */; };
		CFEAE3B02A396C03006F1A96 /* CustomCell.swift in Sources */ = {isa = PBXBuildFile; fileRef = CFAB5CF62A111A840091F1FF /* CustomCell.swift */; };
		CFEAE3B12A396C03006F1A96 /* AppCoordinator.swift in Sources */ = {isa = PBXBuildFile; fileRef = CFAB5CD62A1059AF0091F1FF /* AppCoordinator.swift */; };
		CFEAE3B22A396C03006F1A96 /* URLPathBuildable.swift in Sources */ = {isa = PBXBuildFile; fileRef = CFA0234D2A38CAF10056154D /* URLPathBuildable.swift */; };
		CFEAE3B32A396C03006F1A96 /* Model.swift in Sources */ = {isa = PBXBuildFile; fileRef = CFAB5D022A11D5480091F1FF /* Model.swift */; };
		CFEAE3B42A396C03006F1A96 /* ListDataHandler.swift in Sources */ = {isa = PBXBuildFile; fileRef = CFAB5D172A1217590091F1FF /* ListDataHandler.swift */; };
		CFEAE3B52A396C03006F1A96 /* Constraints.swift in Sources */ = {isa = PBXBuildFile; fileRef = CFF2EA102A0F259800709168 /* Constraints.swift */; };
		CFEAE3B62A396C03006F1A96 /* CardModelHandler.swift in Sources */ = {isa = PBXBuildFile; fileRef = CFAB5CF42A111A3B0091F1FF /* CardModelHandler.swift */; };
		CFEAE3B72A396C03006F1A96 /* AlertViewFactory.swift in Sources */ = {isa = PBXBuildFile; fileRef = CFAB5D302A133B660091F1FF /* AlertViewFactory.swift */; };
		CFEAE3B82A396C03006F1A96 /* NetworkHeaderFactory.swift in Sources */ = {isa = PBXBuildFile; fileRef = CFAB5CBA2A1006160091F1FF /* NetworkHeaderFactory.swift */; };
		CFEAE3B92A396C03006F1A96 /* ListFactoryView.swift in Sources */ = {isa = PBXBuildFile; fileRef = CFAB5D192A1218BF0091F1FF /* ListFactoryView.swift */; };
		CFEAE3BA2A396C03006F1A96 /* CardTouch.swift in Sources */ = {isa = PBXBuildFile; fileRef = CFAB5D0D2A11EF1B0091F1FF /* CardTouch.swift */; };
		CFEAE3BB2A396C03006F1A96 /* ListUsersPageFactory.swift in Sources */ = {isa = PBXBuildFile; fileRef = CFAB5CE52A105F010091F1FF /* ListUsersPageFactory.swift */; };
		CFEAE3BC2A396C03006F1A96 /* CardUserListItemView.swift in Sources */ = {isa = PBXBuildFile; fileRef = CFAB5D072A11E1940091F1FF /* CardUserListItemView.swift */; };
		CFEAE3BD2A396C03006F1A96 /* Card.swift in Sources */ = {isa = PBXBuildFile; fileRef = CFAB5CAD2A0FFF110091F1FF /* Card.swift */; };
		CFEAE3BE2A396C03006F1A96 /* ListRepoPageCoordinator.swift in Sources */ = {isa = PBXBuildFile; fileRef = CF4D914A2A0FFB3C000BE331 /* ListRepoPageCoordinator.swift */; };
		CFEAE3BF2A396C03006F1A96 /* ListRepoPageFactory.swift in Sources */ = {isa = PBXBuildFile; fileRef = CF4D91472A0FFAEC000BE331 /* ListRepoPageFactory.swift */; };
		CFEAE3C02A396C03006F1A96 /* NetworkError.swift in Sources */ = {isa = PBXBuildFile; fileRef = CFAB5CBC2A100E430091F1FF /* NetworkError.swift */; };
		CFEAE3C12A396C03006F1A96 /* Coordinator.swift in Sources */ = {isa = PBXBuildFile; fileRef = CF4D914F2A0FFBAE000BE331 /* Coordinator.swift */; };
		CFEAE3C22A396C03006F1A96 /* UserDetailProfile.swift in Sources */ = {isa = PBXBuildFile; fileRef = CFAB5CC12A10476D0091F1FF /* UserDetailProfile.swift */; };
		CFEAE3C32A396C03006F1A96 /* ColorAsset.swift in Sources */ = {isa = PBXBuildFile; fileRef = CFAB5D222A12F2F60091F1FF /* ColorAsset.swift */; };
		CFEAE3C42A396C03006F1A96 /* ListUsersPageCoordinator.swift in Sources */ = {isa = PBXBuildFile; fileRef = CFAB5CE32A105F010091F1FF /* ListUsersPageCoordinator.swift */; };
		CFEAE3C52A396C03006F1A96 /* AppDelegate.swift in Sources */ = {isa = PBXBuildFile; fileRef = CFD3A6AC23DA308900EB6D4D /* AppDelegate.swift */; };
		CFEAE3C62A396C03006F1A96 /* ListResposPageViewModel.swift in Sources */ = {isa = PBXBuildFile; fileRef = CF4D91512A0FFC07000BE331 /* ListResposPageViewModel.swift */; };
		CFEAE3C72A396C03006F1A96 /* RequestParams.swift in Sources */ = {isa = PBXBuildFile; fileRef = CFAB5CB72A1002B30091F1FF /* RequestParams.swift */; };
		CFEAE3C82A396C03006F1A96 /* CardRepoListItemView.swift in Sources */ = {isa = PBXBuildFile; fileRef = CFAB5D092A11E1BF0091F1FF /* CardRepoListItemView.swift */; };
		CFEAE3C92A396C03006F1A96 /* ViewModelHandlerEventsControllerDelegate.swift in Sources */ = {isa = PBXBuildFile; fileRef = CFAB5D1F2A127C090091F1FF /* ViewModelHandlerEventsControllerDelegate.swift */; };
		CFEAE3CA2A396C03006F1A96 /* FactoryPage.swift in Sources */ = {isa = PBXBuildFile; fileRef = CFAB5CEC2A1060620091F1FF /* FactoryPage.swift */; };
		CFEAE3CB2A396C03006F1A96 /* LoadingPresentable.swift in Sources */ = {isa = PBXBuildFile; fileRef = CFAB5D282A132F200091F1FF /* LoadingPresentable.swift */; };
		CFEAE3CC2A396C03006F1A96 /* ApiRoute.swift in Sources */ = {isa = PBXBuildFile; fileRef = CFAB5CC92A1053D30091F1FF /* ApiRoute.swift */; };
		CFEAE3CD2A396C03006F1A96 /* NetworkConnectable.swift in Sources */ = {isa = PBXBuildFile; fileRef = CFAB5CAF2A0FFF5A0091F1FF /* NetworkConnectable.swift */; };
		CFEAE3CE2A396C03006F1A96 /* Identifier.swift in Sources */ = {isa = PBXBuildFile; fileRef = CFAB5CF22A1117C40091F1FF /* Identifier.swift */; };
		CFEAE3CF2A396C03006F1A96 /* UserDetailPageCoordinator.swift in Sources */ = {isa = PBXBuildFile; fileRef = CFAB5CD82A105A250091F1FF /* UserDetailPageCoordinator.swift */; };
		CFEAE3D02A396C03006F1A96 /* CardUserProfileView.swift in Sources */ = {isa = PBXBuildFile; fileRef = CFAB5D0B2A11E1DB0091F1FF /* CardUserProfileView.swift */; };
		CFEAE3D12A396C03006F1A96 /* GenericTableViewCell.swift in Sources */ = {isa = PBXBuildFile; fileRef = CFAB5CEF2A1114ED0091F1FF /* GenericTableViewCell.swift */; };
		CFEAE3D22A396C03006F1A96 /* LayoutView.swift in Sources */ = {isa = PBXBuildFile; fileRef = CFAB5D042A11DEE70091F1FF /* LayoutView.swift */; };
		CFEAE3D32A396C03006F1A96 /* UserDetailPageViewModel.swift in Sources */ = {isa = PBXBuildFile; fileRef = CFAB5CDC2A105A250091F1FF /* UserDetailPageViewModel.swift */; };
		CFEAE3D42A396C03006F1A96 /* AlertPresentable.swift in Sources */ = {isa = PBXBuildFile; fileRef = CFAB5D322A133C410091F1FF /* AlertPresentable.swift */; };
		CFEAE3D52A396C03006F1A96 /* SearchBarFactory.swift in Sources */ = {isa = PBXBuildFile; fileRef = CFAB5D152A1208D00091F1FF /* SearchBarFactory.swift */; };
		CFEAE3D62A396C03006F1A96 /* ListUsersPageController.swift in Sources */ = {isa = PBXBuildFile; fileRef = CFAB5CE42A105F010091F1FF /* ListUsersPageController.swift */; };
		CFEAE3DB2A396D43006F1A96 /* NetworkHeaderMakerTests.swift in Sources */ = {isa = PBXBuildFile; fileRef = CFEAE3DA2A396D43006F1A96 /* NetworkHeaderMakerTests.swift */; };
		CFEAE3DD2A396FCD006F1A96 /* ApiRoutesTest.swift in Sources */ = {isa = PBXBuildFile; fileRef = CFEAE3DC2A396FCD006F1A96 /* ApiRoutesTest.swift */; };
		CFEAE3DF2A39745C006F1A96 /* NetworkErrorTests.swift in Sources */ = {isa = PBXBuildFile; fileRef = CFEAE3DE2A39745C006F1A96 /* NetworkErrorTests.swift */; };
		CFEAE3E22A397A74006F1A96 /* CardFactoryTests.swift in Sources */ = {isa = PBXBuildFile; fileRef = CFEAE3E12A397A74006F1A96 /* CardFactoryTests.swift */; };
		CFEAE3E62A397E05006F1A96 /* FakeUserModel.swift in Sources */ = {isa = PBXBuildFile; fileRef = CFEAE3E42A397D9B006F1A96 /* FakeUserModel.swift */; };
		CFEAE3E82A397F0F006F1A96 /* AlertViewFactoryTests.swift in Sources */ = {isa = PBXBuildFile; fileRef = CFEAE3E72A397F0F006F1A96 /* AlertViewFactoryTests.swift */; };
		CFEAE3EA2A397F5D006F1A96 /* ListViewTests.swift in Sources */ = {isa = PBXBuildFile; fileRef = CFEAE3E92A397F5D006F1A96 /* ListViewTests.swift */; };
		CFEAE3ED2A397FA5006F1A96 /* ControllerFake.swift in Sources */ = {isa = PBXBuildFile; fileRef = CFEAE3EC2A397FA5006F1A96 /* ControllerFake.swift */; };
		CFF2EA112A0F259800709168 /* Constraints.swift in Sources */ = {isa = PBXBuildFile; fileRef = CFF2EA102A0F259800709168 /* Constraints.swift */; };
/* End PBXBuildFile section */

/* Begin PBXContainerItemProxy section */
		CF6414E423E4C1CF009C7A9E /* PBXContainerItemProxy */ = {
			isa = PBXContainerItemProxy;
			containerPortal = CF9601A623DA2A1E00916EF1 /* Project object */;
			proxyType = 1;
			remoteGlobalIDString = CF9601AD23DA2A1E00916EF1;
			remoteInfo = BaseProjectTarget;
		};
/* End PBXContainerItemProxy section */

/* Begin PBXFileReference section */
		CF24569923E4C55B00A1968D /* info.plist */ = {isa = PBXFileReference; fileEncoding = 4; lastKnownFileType = text.plist.xml; path = info.plist; sourceTree = "<group>"; };
		CF4D91422A0FF994000BE331 /* ListRepoPageController.swift */ = {isa = PBXFileReference; lastKnownFileType = sourcecode.swift; path = ListRepoPageController.swift; sourceTree = "<group>"; };
		CF4D91472A0FFAEC000BE331 /* ListRepoPageFactory.swift */ = {isa = PBXFileReference; lastKnownFileType = sourcecode.swift; path = ListRepoPageFactory.swift; sourceTree = "<group>"; };
		CF4D914A2A0FFB3C000BE331 /* ListRepoPageCoordinator.swift */ = {isa = PBXFileReference; lastKnownFileType = sourcecode.swift; path = ListRepoPageCoordinator.swift; sourceTree = "<group>"; };
		CF4D914F2A0FFBAE000BE331 /* Coordinator.swift */ = {isa = PBXFileReference; lastKnownFileType = sourcecode.swift; path = Coordinator.swift; sourceTree = "<group>"; };
		CF4D91512A0FFC07000BE331 /* ListResposPageViewModel.swift */ = {isa = PBXFileReference; lastKnownFileType = sourcecode.swift; path = ListResposPageViewModel.swift; sourceTree = "<group>"; };
		CF6414DF23E4C1CF009C7A9E /* github-personTests.xctest */ = {isa = PBXFileReference; explicitFileType = wrapper.cfbundle; includeInIndex = 0; path = "github-personTests.xctest"; sourceTree = BUILT_PRODUCTS_DIR; };
		CF9601AE23DA2A1E00916EF1 /* github-person.app */ = {isa = PBXFileReference; explicitFileType = wrapper.application; includeInIndex = 0; path = "github-person.app"; sourceTree = BUILT_PRODUCTS_DIR; };
		CFA0234D2A38CAF10056154D /* URLPathBuildable.swift */ = {isa = PBXFileReference; lastKnownFileType = sourcecode.swift; path = URLPathBuildable.swift; sourceTree = "<group>"; };
		CFAB5CAD2A0FFF110091F1FF /* Card.swift */ = {isa = PBXFileReference; lastKnownFileType = sourcecode.swift; path = Card.swift; sourceTree = "<group>"; };
		CFAB5CAF2A0FFF5A0091F1FF /* NetworkConnectable.swift */ = {isa = PBXFileReference; lastKnownFileType = sourcecode.swift; path = NetworkConnectable.swift; sourceTree = "<group>"; };
		CFAB5CB72A1002B30091F1FF /* RequestParams.swift */ = {isa = PBXFileReference; lastKnownFileType = sourcecode.swift; path = RequestParams.swift; sourceTree = "<group>"; };
		CFAB5CBA2A1006160091F1FF /* NetworkHeaderFactory.swift */ = {isa = PBXFileReference; lastKnownFileType = sourcecode.swift; path = NetworkHeaderFactory.swift; sourceTree = "<group>"; };
		CFAB5CBC2A100E430091F1FF /* NetworkError.swift */ = {isa = PBXFileReference; lastKnownFileType = sourcecode.swift; path = NetworkError.swift; sourceTree = "<group>"; };
		CFAB5CC12A10476D0091F1FF /* UserDetailProfile.swift */ = {isa = PBXFileReference; lastKnownFileType = sourcecode.swift; path = UserDetailProfile.swift; sourceTree = "<group>"; };
		CFAB5CC32A1048C30091F1FF /* RepoListItem.swift */ = {isa = PBXFileReference; lastKnownFileType = sourcecode.swift; path = RepoListItem.swift; sourceTree = "<group>"; };
		CFAB5CC92A1053D30091F1FF /* ApiRoute.swift */ = {isa = PBXFileReference; lastKnownFileType = sourcecode.swift; path = ApiRoute.swift; sourceTree = "<group>"; };
		CFAB5CD62A1059AF0091F1FF /* AppCoordinator.swift */ = {isa = PBXFileReference; lastKnownFileType = sourcecode.swift; path = AppCoordinator.swift; sourceTree = "<group>"; };
		CFAB5CD82A105A250091F1FF /* UserDetailPageCoordinator.swift */ = {isa = PBXFileReference; fileEncoding = 4; lastKnownFileType = sourcecode.swift; path = UserDetailPageCoordinator.swift; sourceTree = "<group>"; };
		CFAB5CD92A105A250091F1FF /* UserDetailPageController.swift */ = {isa = PBXFileReference; fileEncoding = 4; lastKnownFileType = sourcecode.swift; path = UserDetailPageController.swift; sourceTree = "<group>"; };
		CFAB5CDA2A105A250091F1FF /* UserDetailPageFactory.swift */ = {isa = PBXFileReference; fileEncoding = 4; lastKnownFileType = sourcecode.swift; path = UserDetailPageFactory.swift; sourceTree = "<group>"; };
		CFAB5CDC2A105A250091F1FF /* UserDetailPageViewModel.swift */ = {isa = PBXFileReference; fileEncoding = 4; lastKnownFileType = sourcecode.swift; path = UserDetailPageViewModel.swift; sourceTree = "<group>"; };
		CFAB5CE32A105F010091F1FF /* ListUsersPageCoordinator.swift */ = {isa = PBXFileReference; fileEncoding = 4; lastKnownFileType = sourcecode.swift; path = ListUsersPageCoordinator.swift; sourceTree = "<group>"; };
		CFAB5CE42A105F010091F1FF /* ListUsersPageController.swift */ = {isa = PBXFileReference; fileEncoding = 4; lastKnownFileType = sourcecode.swift; path = ListUsersPageController.swift; sourceTree = "<group>"; };
		CFAB5CE52A105F010091F1FF /* ListUsersPageFactory.swift */ = {isa = PBXFileReference; fileEncoding = 4; lastKnownFileType = sourcecode.swift; path = ListUsersPageFactory.swift; sourceTree = "<group>"; };
		CFAB5CE62A105F010091F1FF /* ListUsersPageViewModel.swift */ = {isa = PBXFileReference; fileEncoding = 4; lastKnownFileType = sourcecode.swift; path = ListUsersPageViewModel.swift; sourceTree = "<group>"; };
		CFAB5CEC2A1060620091F1FF /* FactoryPage.swift */ = {isa = PBXFileReference; lastKnownFileType = sourcecode.swift; path = FactoryPage.swift; sourceTree = "<group>"; };
		CFAB5CEF2A1114ED0091F1FF /* GenericTableViewCell.swift */ = {isa = PBXFileReference; lastKnownFileType = sourcecode.swift; path = GenericTableViewCell.swift; sourceTree = "<group>"; };
		CFAB5CF22A1117C40091F1FF /* Identifier.swift */ = {isa = PBXFileReference; lastKnownFileType = sourcecode.swift; path = Identifier.swift; sourceTree = "<group>"; };
		CFAB5CF42A111A3B0091F1FF /* CardModelHandler.swift */ = {isa = PBXFileReference; lastKnownFileType = sourcecode.swift; path = CardModelHandler.swift; sourceTree = "<group>"; };
		CFAB5CF62A111A840091F1FF /* CustomCell.swift */ = {isa = PBXFileReference; lastKnownFileType = sourcecode.swift; path = CustomCell.swift; sourceTree = "<group>"; };
		CFAB5CFA2A1121270091F1FF /* CardFactory.swift */ = {isa = PBXFileReference; lastKnownFileType = sourcecode.swift; path = CardFactory.swift; sourceTree = "<group>"; };
		CFAB5CFC2A1124830091F1FF /* NetworkHeaderMaker.swift */ = {isa = PBXFileReference; lastKnownFileType = sourcecode.swift; path = NetworkHeaderMaker.swift; sourceTree = "<group>"; };
		CFAB5CFE2A112D620091F1FF /* NetworkUserInfo.swift */ = {isa = PBXFileReference; lastKnownFileType = sourcecode.swift; path = NetworkUserInfo.swift; sourceTree = "<group>"; };
		CFAB5D002A11CF6F0091F1FF /* SearchResult.swift */ = {isa = PBXFileReference; lastKnownFileType = sourcecode.swift; path = SearchResult.swift; sourceTree = "<group>"; };
		CFAB5D022A11D5480091F1FF /* Model.swift */ = {isa = PBXFileReference; lastKnownFileType = sourcecode.swift; path = Model.swift; sourceTree = "<group>"; };
		CFAB5D042A11DEE70091F1FF /* LayoutView.swift */ = {isa = PBXFileReference; lastKnownFileType = sourcecode.swift; path = LayoutView.swift; sourceTree = "<group>"; };
		CFAB5D072A11E1940091F1FF /* CardUserListItemView.swift */ = {isa = PBXFileReference; lastKnownFileType = sourcecode.swift; path = CardUserListItemView.swift; sourceTree = "<group>"; };
		CFAB5D092A11E1BF0091F1FF /* CardRepoListItemView.swift */ = {isa = PBXFileReference; lastKnownFileType = sourcecode.swift; path = CardRepoListItemView.swift; sourceTree = "<group>"; };
		CFAB5D0B2A11E1DB0091F1FF /* CardUserProfileView.swift */ = {isa = PBXFileReference; lastKnownFileType = sourcecode.swift; path = CardUserProfileView.swift; sourceTree = "<group>"; };
		CFAB5D0D2A11EF1B0091F1FF /* CardTouch.swift */ = {isa = PBXFileReference; lastKnownFileType = sourcecode.swift; path = CardTouch.swift; sourceTree = "<group>"; };
		CFAB5D152A1208D00091F1FF /* SearchBarFactory.swift */ = {isa = PBXFileReference; lastKnownFileType = sourcecode.swift; path = SearchBarFactory.swift; sourceTree = "<group>"; };
		CFAB5D172A1217590091F1FF /* ListDataHandler.swift */ = {isa = PBXFileReference; lastKnownFileType = sourcecode.swift; path = ListDataHandler.swift; sourceTree = "<group>"; };
		CFAB5D192A1218BF0091F1FF /* ListFactoryView.swift */ = {isa = PBXFileReference; lastKnownFileType = sourcecode.swift; path = ListFactoryView.swift; sourceTree = "<group>"; };
		CFAB5D1D2A127B770091F1FF /* SearchHandlerEvents.swift */ = {isa = PBXFileReference; lastKnownFileType = sourcecode.swift; path = SearchHandlerEvents.swift; sourceTree = "<group>"; };
		CFAB5D1F2A127C090091F1FF /* ViewModelHandlerEventsControllerDelegate.swift */ = {isa = PBXFileReference; lastKnownFileType = sourcecode.swift; path = ViewModelHandlerEventsControllerDelegate.swift; sourceTree = "<group>"; };
		CFAB5D222A12F2F60091F1FF /* ColorAsset.swift */ = {isa = PBXFileReference; lastKnownFileType = sourcecode.swift; path = ColorAsset.swift; sourceTree = "<group>"; };
		CFAB5D252A132D330091F1FF /* LoadingViewController.swift */ = {isa = PBXFileReference; lastKnownFileType = sourcecode.swift; path = LoadingViewController.swift; sourceTree = "<group>"; };
		CFAB5D282A132F200091F1FF /* LoadingPresentable.swift */ = {isa = PBXFileReference; lastKnownFileType = sourcecode.swift; path = LoadingPresentable.swift; sourceTree = "<group>"; };
		CFAB5D2B2A1332930091F1FF /* NavigationController.swift */ = {isa = PBXFileReference; lastKnownFileType = sourcecode.swift; path = NavigationController.swift; sourceTree = "<group>"; };
		CFAB5D2D2A13342E0091F1FF /* LoadingManagers.swift */ = {isa = PBXFileReference; lastKnownFileType = sourcecode.swift; path = LoadingManagers.swift; sourceTree = "<group>"; };
		CFAB5D302A133B660091F1FF /* AlertViewFactory.swift */ = {isa = PBXFileReference; lastKnownFileType = sourcecode.swift; path = AlertViewFactory.swift; sourceTree = "<group>"; };
		CFAB5D322A133C410091F1FF /* AlertPresentable.swift */ = {isa = PBXFileReference; lastKnownFileType = sourcecode.swift; path = AlertPresentable.swift; sourceTree = "<group>"; };
		CFB6028C2A3A14E40025310C /* NavigationControllerTests.swift */ = {isa = PBXFileReference; lastKnownFileType = sourcecode.swift; path = NavigationControllerTests.swift; sourceTree = "<group>"; };
		CFB6028F2A3A17660025310C /* LoadingViewControllerTests.swift */ = {isa = PBXFileReference; lastKnownFileType = sourcecode.swift; path = LoadingViewControllerTests.swift; sourceTree = "<group>"; };
		CFB602922A3A18D90025310C /* UISearchTests.swift */ = {isa = PBXFileReference; lastKnownFileType = sourcecode.swift; path = UISearchTests.swift; sourceTree = "<group>"; };
		CFD3A6AC23DA308900EB6D4D /* AppDelegate.swift */ = {isa = PBXFileReference; fileEncoding = 4; lastKnownFileType = sourcecode.swift; path = AppDelegate.swift; sourceTree = "<group>"; };
		CFD3A6B223DA308A00EB6D4D /* Info.plist */ = {isa = PBXFileReference; fileEncoding = 4; lastKnownFileType = text.plist.xml; path = Info.plist; sourceTree = "<group>"; };
		CFD3A6B423DA308A00EB6D4D /* Assets.xcassets */ = {isa = PBXFileReference; lastKnownFileType = folder.assetcatalog; path = Assets.xcassets; sourceTree = "<group>"; };
		CFD3A6CE23DA3F9700EB6D4D /* pt-BR */ = {isa = PBXFileReference; lastKnownFileType = text.plist.strings; name = "pt-BR"; path = "pt-BR.lproj/Localizable-pt-BR.strings"; sourceTree = "<group>"; };
		CFD3A6D923DA443200EB6D4D /* LocalizedText.swift */ = {isa = PBXFileReference; lastKnownFileType = sourcecode.swift; path = LocalizedText.swift; sourceTree = "<group>"; };
		CFD3A6DB23DA462000EB6D4D /* Launch Screen.storyboard */ = {isa = PBXFileReference; lastKnownFileType = file.storyboard; path = "Launch Screen.storyboard"; sourceTree = "<group>"; };
		CFE2D5AF2A0F572C001F649F /* SwiftIconFont.xcframework */ = {isa = PBXFileReference; lastKnownFileType = wrapper.xcframework; name = SwiftIconFont.xcframework; path = Carthage/Build/SwiftIconFont.xcframework; sourceTree = "<group>"; };
		CFEAE39D2A3968F3006F1A96 /* plan-unit-tests.xctestplan */ = {isa = PBXFileReference; lastKnownFileType = text; path = "plan-unit-tests.xctestplan"; sourceTree = "<group>"; };
		CFEAE3DA2A396D43006F1A96 /* NetworkHeaderMakerTests.swift */ = {isa = PBXFileReference; lastKnownFileType = sourcecode.swift; path = NetworkHeaderMakerTests.swift; sourceTree = "<group>"; };
		CFEAE3DC2A396FCD006F1A96 /* ApiRoutesTest.swift */ = {isa = PBXFileReference; lastKnownFileType = sourcecode.swift; path = ApiRoutesTest.swift; sourceTree = "<group>"; };
		CFEAE3DE2A39745C006F1A96 /* NetworkErrorTests.swift */ = {isa = PBXFileReference; lastKnownFileType = sourcecode.swift; path = NetworkErrorTests.swift; sourceTree = "<group>"; };
		CFEAE3E12A397A74006F1A96 /* CardFactoryTests.swift */ = {isa = PBXFileReference; lastKnownFileType = sourcecode.swift; path = CardFactoryTests.swift; sourceTree = "<group>"; };
		CFEAE3E42A397D9B006F1A96 /* FakeUserModel.swift */ = {isa = PBXFileReference; lastKnownFileType = sourcecode.swift; path = FakeUserModel.swift; sourceTree = "<group>"; };
		CFEAE3E72A397F0F006F1A96 /* AlertViewFactoryTests.swift */ = {isa = PBXFileReference; lastKnownFileType = sourcecode.swift; path = AlertViewFactoryTests.swift; sourceTree = "<group>"; };
		CFEAE3E92A397F5D006F1A96 /* ListViewTests.swift */ = {isa = PBXFileReference; lastKnownFileType = sourcecode.swift; path = ListViewTests.swift; sourceTree = "<group>"; };
		CFEAE3EC2A397FA5006F1A96 /* ControllerFake.swift */ = {isa = PBXFileReference; lastKnownFileType = sourcecode.swift; path = ControllerFake.swift; sourceTree = "<group>"; };
		CFF2EA102A0F259800709168 /* Constraints.swift */ = {isa = PBXFileReference; fileEncoding = 4; lastKnownFileType = sourcecode.swift; path = Constraints.swift; sourceTree = "<group>"; };
/* End PBXFileReference section */

/* Begin PBXFrameworksBuildPhase section */
		CF6414DC23E4C1CF009C7A9E /* Frameworks */ = {
			isa = PBXFrameworksBuildPhase;
			buildActionMask = 2147483647;
			files = (
				CFB6028A2A3A14080025310C /* SnapshotTesting in Frameworks */,
				CFEAE3A12A396A15006F1A96 /* Kingfisher in Frameworks */,
				CFEAE39F2A396A15006F1A96 /* Alamofire in Frameworks */,
			);
			runOnlyForDeploymentPostprocessing = 0;
		};
		CF9601AB23DA2A1E00916EF1 /* Frameworks */ = {
			isa = PBXFrameworksBuildPhase;
			buildActionMask = 2147483647;
			files = (
				CFE2D5A82A0F4E17001F649F /* Kingfisher in Frameworks */,
				CFE2D5A52A0F4E02001F649F /* Alamofire in Frameworks */,
			);
			runOnlyForDeploymentPostprocessing = 0;
		};
/* End PBXFrameworksBuildPhase section */

/* Begin PBXGroup section */
		CF4D91462A0FFAD8000BE331 /* Network */ = {
			isa = PBXGroup;
			children = (
				CFAB5CFE2A112D620091F1FF /* NetworkUserInfo.swift */,
				CFAB5CB72A1002B30091F1FF /* RequestParams.swift */,
				CFAB5CBC2A100E430091F1FF /* NetworkError.swift */,
				CFAB5CC92A1053D30091F1FF /* ApiRoute.swift */,
				CFAB5CFC2A1124830091F1FF /* NetworkHeaderMaker.swift */,
			);
			path = Network;
			sourceTree = "<group>";
		};
		CF4D914C2A0FFB47000BE331 /* Interfaces */ = {
			isa = PBXGroup;
			children = (
				CFAB5D322A133C410091F1FF /* AlertPresentable.swift */,
				CFAB5CAD2A0FFF110091F1FF /* Card.swift */,
				CFAB5CF42A111A3B0091F1FF /* CardModelHandler.swift */,
				CFAB5D0D2A11EF1B0091F1FF /* CardTouch.swift */,
				CF4D914F2A0FFBAE000BE331 /* Coordinator.swift */,
				CFAB5CF62A111A840091F1FF /* CustomCell.swift */,
				CFAB5CEC2A1060620091F1FF /* FactoryPage.swift */,
				CFAB5D172A1217590091F1FF /* ListDataHandler.swift */,
				CFAB5D2D2A13342E0091F1FF /* LoadingManagers.swift */,
				CFAB5D282A132F200091F1FF /* LoadingPresentable.swift */,
				CFAB5D022A11D5480091F1FF /* Model.swift */,
				CFAB5CAF2A0FFF5A0091F1FF /* NetworkConnectable.swift */,
				CFAB5CBA2A1006160091F1FF /* NetworkHeaderFactory.swift */,
				CFAB5D1D2A127B770091F1FF /* SearchHandlerEvents.swift */,
				CFA0234D2A38CAF10056154D /* URLPathBuildable.swift */,
				CFAB5D1F2A127C090091F1FF /* ViewModelHandlerEventsControllerDelegate.swift */,
			);
			path = Interfaces;
			sourceTree = "<group>";
		};
		CF4D914E2A0FFB8C000BE331 /* Cards */ = {
			isa = PBXGroup;
			children = (
				CFAB5D072A11E1940091F1FF /* CardUserListItemView.swift */,
				CFAB5D092A11E1BF0091F1FF /* CardRepoListItemView.swift */,
				CFAB5D0B2A11E1DB0091F1FF /* CardUserProfileView.swift */,
			);
			path = Cards;
			sourceTree = "<group>";
		};
		CF9601A523DA2A1E00916EF1 = {
			isa = PBXGroup;
			children = (
				CFEAE39D2A3968F3006F1A96 /* plan-unit-tests.xctestplan */,
				CFD3A6A323DA302E00EB6D4D /* source */,
				CF9601AF23DA2A1E00916EF1 /* Products */,
				CFE2D5A92A0F56D8001F649F /* Frameworks */,
			);
			sourceTree = "<group>";
		};
		CF9601AF23DA2A1E00916EF1 /* Products */ = {
			isa = PBXGroup;
			children = (
				CF9601AE23DA2A1E00916EF1 /* github-person.app */,
				CF6414DF23E4C1CF009C7A9E /* github-personTests.xctest */,
			);
			name = Products;
			sourceTree = "<group>";
		};
		CFAB5CB92A1003F80091F1FF /* Shared */ = {
			isa = PBXGroup;
			children = (
				CFAB5D212A12F2E60091F1FF /* AssetsAcessors */,
				CF4D91462A0FFAD8000BE331 /* Network */,
				CFAB5CF92A1120F10091F1FF /* Factories */,
				CFAB5CEE2A1114C10091F1FF /* Component */,
				CFAB5CBE2A101B8F0091F1FF /* Model */,
			);
			path = Shared;
			sourceTree = "<group>";
		};
		CFAB5CBE2A101B8F0091F1FF /* Model */ = {
			isa = PBXGroup;
			children = (
				CFAB5CC12A10476D0091F1FF /* UserDetailProfile.swift */,
				CFAB5CC32A1048C30091F1FF /* RepoListItem.swift */,
				CFAB5D002A11CF6F0091F1FF /* SearchResult.swift */,
				CFAB5D042A11DEE70091F1FF /* LayoutView.swift */,
			);
			path = Model;
			sourceTree = "<group>";
		};
		CFAB5CD12A1056D60091F1FF /* ListUsersPage */ = {
			isa = PBXGroup;
			children = (
				CFAB5CE42A105F010091F1FF /* ListUsersPageController.swift */,
				CFAB5CE32A105F010091F1FF /* ListUsersPageCoordinator.swift */,
				CFAB5CE52A105F010091F1FF /* ListUsersPageFactory.swift */,
				CFAB5CE62A105F010091F1FF /* ListUsersPageViewModel.swift */,
			);
			path = ListUsersPage;
			sourceTree = "<group>";
		};
		CFAB5CD22A1056E40091F1FF /* Pages */ = {
			isa = PBXGroup;
			children = (
				CFAB5CD42A1057070091F1FF /* ListRepoPage */,
				CFAB5CD32A1056F00091F1FF /* UserDetailPage */,
				CFAB5CD12A1056D60091F1FF /* ListUsersPage */,
			);
			path = Pages;
			sourceTree = "<group>";
		};
		CFAB5CD32A1056F00091F1FF /* UserDetailPage */ = {
			isa = PBXGroup;
			children = (
				CFAB5CD92A105A250091F1FF /* UserDetailPageController.swift */,
				CFAB5CD82A105A250091F1FF /* UserDetailPageCoordinator.swift */,
				CFAB5CDA2A105A250091F1FF /* UserDetailPageFactory.swift */,
				CFAB5CDC2A105A250091F1FF /* UserDetailPageViewModel.swift */,
			);
			path = UserDetailPage;
			sourceTree = "<group>";
		};
		CFAB5CD42A1057070091F1FF /* ListRepoPage */ = {
			isa = PBXGroup;
			children = (
				CF4D91422A0FF994000BE331 /* ListRepoPageController.swift */,
				CF4D91472A0FFAEC000BE331 /* ListRepoPageFactory.swift */,
				CF4D914A2A0FFB3C000BE331 /* ListRepoPageCoordinator.swift */,
				CF4D91512A0FFC07000BE331 /* ListResposPageViewModel.swift */,
			);
			path = ListRepoPage;
			sourceTree = "<group>";
		};
		CFAB5CD52A1059A00091F1FF /* AppCoordinator */ = {
			isa = PBXGroup;
			children = (
				CFAB5CD62A1059AF0091F1FF /* AppCoordinator.swift */,
			);
			path = AppCoordinator;
			sourceTree = "<group>";
		};
		CFAB5CEE2A1114C10091F1FF /* Component */ = {
			isa = PBXGroup;
			children = (
				CFAB5D2A2A1332820091F1FF /* NavigationController */,
				CFAB5D242A132D250091F1FF /* LoadingView */,
				CFAB5D142A1208A30091F1FF /* UISearch */,
				CF4D914E2A0FFB8C000BE331 /* Cards */,
				CFAB5CF82A111D9D0091F1FF /* Cell */,
			);
			path = Component;
			sourceTree = "<group>";
		};
		CFAB5CF12A1117B80091F1FF /* NSObject */ = {
			isa = PBXGroup;
			children = (
				CFAB5CF22A1117C40091F1FF /* Identifier.swift */,
			);
			path = NSObject;
			sourceTree = "<group>";
		};
		CFAB5CF82A111D9D0091F1FF /* Cell */ = {
			isa = PBXGroup;
			children = (
				CFAB5CEF2A1114ED0091F1FF /* GenericTableViewCell.swift */,
			);
			path = Cell;
			sourceTree = "<group>";
		};
		CFAB5CF92A1120F10091F1FF /* Factories */ = {
			isa = PBXGroup;
			children = (
				CFAB5D302A133B660091F1FF /* AlertViewFactory.swift */,
				CFAB5CFA2A1121270091F1FF /* CardFactory.swift */,
				CFAB5D192A1218BF0091F1FF /* ListFactoryView.swift */,
			);
			path = Factories;
			sourceTree = "<group>";
		};
		CFAB5D142A1208A30091F1FF /* UISearch */ = {
			isa = PBXGroup;
			children = (
				CFAB5D152A1208D00091F1FF /* SearchBarFactory.swift */,
			);
			path = UISearch;
			sourceTree = "<group>";
		};
		CFAB5D212A12F2E60091F1FF /* AssetsAcessors */ = {
			isa = PBXGroup;
			children = (
				CFAB5D222A12F2F60091F1FF /* ColorAsset.swift */,
			);
			path = AssetsAcessors;
			sourceTree = "<group>";
		};
		CFAB5D242A132D250091F1FF /* LoadingView */ = {
			isa = PBXGroup;
			children = (
				CFAB5D252A132D330091F1FF /* LoadingViewController.swift */,
			);
			path = LoadingView;
			sourceTree = "<group>";
		};
		CFAB5D2A2A1332820091F1FF /* NavigationController */ = {
			isa = PBXGroup;
			children = (
				CFAB5D2B2A1332930091F1FF /* NavigationController.swift */,
			);
			path = NavigationController;
			sourceTree = "<group>";
		};
		CFB602872A3A12D90025310C /* ComponentTests */ = {
			isa = PBXGroup;
			children = (
				CFB602912A3A18C30025310C /* UISearchTests */,
				CFB6028E2A3A17590025310C /* LoadingViewControllerTests */,
				CFB6028B2A3A14CA0025310C /* NavigationControllerTests */,
			);
			path = ComponentTests;
			sourceTree = "<group>";
		};
		CFB6028B2A3A14CA0025310C /* NavigationControllerTests */ = {
			isa = PBXGroup;
			children = (
				CFB6028C2A3A14E40025310C /* NavigationControllerTests.swift */,
			);
			path = NavigationControllerTests;
			sourceTree = "<group>";
		};
		CFB6028E2A3A17590025310C /* LoadingViewControllerTests */ = {
			isa = PBXGroup;
			children = (
				CFB6028F2A3A17660025310C /* LoadingViewControllerTests.swift */,
			);
			path = LoadingViewControllerTests;
			sourceTree = "<group>";
		};
		CFB602912A3A18C30025310C /* UISearchTests */ = {
			isa = PBXGroup;
			children = (
				CFB602922A3A18D90025310C /* UISearchTests.swift */,
			);
			path = UISearchTests;
			sourceTree = "<group>";
		};
		CFD3A6A323DA302E00EB6D4D /* source */ = {
			isa = PBXGroup;
			children = (
				CFD3A6A423DA304200EB6D4D /* app */,
				CFD3A6BD23DA30EF00EB6D4D /* test */,
			);
			path = source;
			sourceTree = "<group>";
		};
		CFD3A6A423DA304200EB6D4D /* app */ = {
			isa = PBXGroup;
			children = (
				CFAB5CD52A1059A00091F1FF /* AppCoordinator */,
				CFD3A6AB23DA308900EB6D4D /* Appdelegates */,
				CFF2EA0E2A0F256D00709168 /* Extensions */,
				CF4D914C2A0FFB47000BE331 /* Interfaces */,
				CFAB5CD22A1056E40091F1FF /* Pages */,
				CFAB5CB92A1003F80091F1FF /* Shared */,
				CFD3A6B023DA308A00EB6D4D /* supportfiles */,
			);
			path = app;
			sourceTree = "<group>";
		};
		CFD3A6AB23DA308900EB6D4D /* Appdelegates */ = {
			isa = PBXGroup;
			children = (
				CFD3A6AC23DA308900EB6D4D /* AppDelegate.swift */,
			);
			path = Appdelegates;
			sourceTree = "<group>";
		};
		CFD3A6B023DA308A00EB6D4D /* supportfiles */ = {
			isa = PBXGroup;
			children = (
				CFD3A6C523DA3F1F00EB6D4D /* LocalizableStrings */,
				CFD3A6B123DA308A00EB6D4D /* plists */,
				CFD3A6B323DA308A00EB6D4D /* assets */,
			);
			path = supportfiles;
			sourceTree = "<group>";
		};
		CFD3A6B123DA308A00EB6D4D /* plists */ = {
			isa = PBXGroup;
			children = (
				CFD3A6B223DA308A00EB6D4D /* Info.plist */,
			);
			path = plists;
			sourceTree = "<group>";
		};
		CFD3A6B323DA308A00EB6D4D /* assets */ = {
			isa = PBXGroup;
			children = (
				CFD3A6B423DA308A00EB6D4D /* Assets.xcassets */,
				CFD3A6DB23DA462000EB6D4D /* Launch Screen.storyboard */,
			);
			path = assets;
			sourceTree = "<group>";
		};
		CFD3A6BD23DA30EF00EB6D4D /* test */ = {
			isa = PBXGroup;
			children = (
				CFEAE3E32A397D72006F1A96 /* tools */,
				CFEAE3D72A396CF1006F1A96 /* apptests */,
				CF24569923E4C55B00A1968D /* info.plist */,
			);
			path = test;
			sourceTree = "<group>";
		};
		CFD3A6C523DA3F1F00EB6D4D /* LocalizableStrings */ = {
			isa = PBXGroup;
			children = (
				CFD3A6CF23DA3F9700EB6D4D /* Localizable-pt-BR.strings */,
				CFD3A6D923DA443200EB6D4D /* LocalizedText.swift */,
			);
			path = LocalizableStrings;
			sourceTree = "<group>";
		};
		CFE2D5A92A0F56D8001F649F /* Frameworks */ = {
			isa = PBXGroup;
			children = (
				CFE2D5AF2A0F572C001F649F /* SwiftIconFont.xcframework */,
			);
			name = Frameworks;
			sourceTree = "<group>";
		};
		CFEAE3D72A396CF1006F1A96 /* apptests */ = {
			isa = PBXGroup;
			children = (
				CFEAE3D82A396CFF006F1A96 /* Shared */,
			);
			path = apptests;
			sourceTree = "<group>";
		};
		CFEAE3D82A396CFF006F1A96 /* Shared */ = {
			isa = PBXGroup;
			children = (
				CFB602872A3A12D90025310C /* ComponentTests */,
				CFEAE3E02A397822006F1A96 /* FactoriesTests */,
				CFEAE3D92A396D16006F1A96 /* Networktests */,
			);
			path = Shared;
			sourceTree = "<group>";
		};
		CFEAE3D92A396D16006F1A96 /* Networktests */ = {
			isa = PBXGroup;
			children = (
				CFEAE3DA2A396D43006F1A96 /* NetworkHeaderMakerTests.swift */,
				CFEAE3DC2A396FCD006F1A96 /* ApiRoutesTest.swift */,
				CFEAE3DE2A39745C006F1A96 /* NetworkErrorTests.swift */,
			);
			path = Networktests;
			sourceTree = "<group>";
		};
		CFEAE3E02A397822006F1A96 /* FactoriesTests */ = {
			isa = PBXGroup;
			children = (
				CFEAE3EB2A397F87006F1A96 /* ListViewToolsTests */,
				CFEAE3E12A397A74006F1A96 /* CardFactoryTests.swift */,
				CFEAE3E72A397F0F006F1A96 /* AlertViewFactoryTests.swift */,
				CFEAE3E92A397F5D006F1A96 /* ListViewTests.swift */,
			);
			path = FactoriesTests;
			sourceTree = "<group>";
		};
		CFEAE3E32A397D72006F1A96 /* tools */ = {
			isa = PBXGroup;
			children = (
				CFEAE3E42A397D9B006F1A96 /* FakeUserModel.swift */,
			);
			path = tools;
			sourceTree = "<group>";
		};
		CFEAE3EB2A397F87006F1A96 /* ListViewToolsTests */ = {
			isa = PBXGroup;
			children = (
				CFEAE3EC2A397FA5006F1A96 /* ControllerFake.swift */,
			);
			path = ListViewToolsTests;
			sourceTree = "<group>";
		};
		CFF2EA0E2A0F256D00709168 /* Extensions */ = {
			isa = PBXGroup;
			children = (
				CFAB5CF12A1117B80091F1FF /* NSObject */,
				CFF2EA0F2A0F257600709168 /* UIView */,
			);
			path = Extensions;
			sourceTree = "<group>";
		};
		CFF2EA0F2A0F257600709168 /* UIView */ = {
			isa = PBXGroup;
			children = (
				CFF2EA102A0F259800709168 /* Constraints.swift */,
			);
			path = UIView;
			sourceTree = "<group>";
		};
/* End PBXGroup section */

/* Begin PBXNativeTarget section */
		CF6414DE23E4C1CF009C7A9E /* github-personTests */ = {
			isa = PBXNativeTarget;
			buildConfigurationList = CF6414E623E4C1CF009C7A9E /* Build configuration list for PBXNativeTarget "github-personTests" */;
			buildPhases = (
				CF6414DB23E4C1CF009C7A9E /* Sources */,
				CF6414DC23E4C1CF009C7A9E /* Frameworks */,
				CF6414DD23E4C1CF009C7A9E /* Resources */,
			);
			buildRules = (
			);
			dependencies = (
				CF6414E523E4C1CF009C7A9E /* PBXTargetDependency */,
			);
			name = "github-personTests";
			packageProductDependencies = (
				CFEAE39E2A396A15006F1A96 /* Alamofire */,
				CFEAE3A02A396A15006F1A96 /* Kingfisher */,
				CFB602892A3A14080025310C /* SnapshotTesting */,
			);
			productName = BaseProjectTargetTests;
			productReference = CF6414DF23E4C1CF009C7A9E /* github-personTests.xctest */;
			productType = "com.apple.product-type.bundle.unit-test";
		};
		CF9601AD23DA2A1E00916EF1 /* github-person */ = {
			isa = PBXNativeTarget;
			buildConfigurationList = CF9601C223DA2A2200916EF1 /* Build configuration list for PBXNativeTarget "github-person" */;
			buildPhases = (
				CFD3A6BF23DA3DC600EB6D4D /* Swiftlint */,
				CF9601AA23DA2A1E00916EF1 /* Sources */,
				CF9601AB23DA2A1E00916EF1 /* Frameworks */,
				CF9601AC23DA2A1E00916EF1 /* Resources */,
			);
			buildRules = (
			);
			dependencies = (
			);
			name = "github-person";
			packageProductDependencies = (
				CFE2D5A42A0F4E02001F649F /* Alamofire */,
				CFE2D5A72A0F4E17001F649F /* Kingfisher */,
			);
			productName = "github-person";
			productReference = CF9601AE23DA2A1E00916EF1 /* github-person.app */;
			productType = "com.apple.product-type.application";
		};
/* End PBXNativeTarget section */

/* Begin PBXProject section */
		CF9601A623DA2A1E00916EF1 /* Project object */ = {
			isa = PBXProject;
			attributes = {
				BuildIndependentTargetsInParallel = YES;
				LastSwiftUpdateCheck = 1130;
				LastUpgradeCheck = 1430;
				ORGANIZATIONNAME = developer_organization_name;
				TargetAttributes = {
					CF6414DE23E4C1CF009C7A9E = {
						CreatedOnToolsVersion = 11.3.1;
					};
					CF9601AD23DA2A1E00916EF1 = {
						CreatedOnToolsVersion = 11.3.1;
					};
				};
			};
			buildConfigurationList = CF9601A923DA2A1E00916EF1 /* Build configuration list for PBXProject "github-person" */;
			compatibilityVersion = "Xcode 9.3";
			developmentRegion = en;
			hasScannedForEncodings = 0;
			knownRegions = (
				en,
				Base,
				"pt-BR",
			);
			mainGroup = CF9601A523DA2A1E00916EF1;
			packageReferences = (
				CFE2D5A32A0F4E02001F649F /* XCRemoteSwiftPackageReference "Alamofire" */,
				CFE2D5A62A0F4E17001F649F /* XCRemoteSwiftPackageReference "Kingfisher" */,
				CFB602882A3A14080025310C /* XCRemoteSwiftPackageReference "swift-snapshot-testing" */,
			);
			productRefGroup = CF9601AF23DA2A1E00916EF1 /* Products */;
			projectDirPath = "";
			projectRoot = "";
			targets = (
				CF9601AD23DA2A1E00916EF1 /* github-person */,
				CF6414DE23E4C1CF009C7A9E /* github-personTests */,
			);
		};
/* End PBXProject section */

/* Begin PBXResourcesBuildPhase section */
		CF6414DD23E4C1CF009C7A9E /* Resources */ = {
			isa = PBXResourcesBuildPhase;
			buildActionMask = 2147483647;
			files = (
			);
			runOnlyForDeploymentPostprocessing = 0;
		};
		CF9601AC23DA2A1E00916EF1 /* Resources */ = {
			isa = PBXResourcesBuildPhase;
			buildActionMask = 2147483647;
			files = (
				CFD3A6D723DA41FE00EB6D4D /* Localizable-pt-BR.strings in Resources */,
				CFD3A6DC23DA462000EB6D4D /* Launch Screen.storyboard in Resources */,
				CFD3A6BB23DA308A00EB6D4D /* Assets.xcassets in Resources */,
			);
			runOnlyForDeploymentPostprocessing = 0;
		};
/* End PBXResourcesBuildPhase section */

/* Begin PBXShellScriptBuildPhase section */
		CFD3A6BF23DA3DC600EB6D4D /* Swiftlint */ = {
			isa = PBXShellScriptBuildPhase;
			alwaysOutOfDate = 1;
			buildActionMask = 2147483647;
			files = (
			);
			inputFileListPaths = (
			);
			inputPaths = (
			);
			name = Swiftlint;
			outputFileListPaths = (
			);
			outputPaths = (
			);
			runOnlyForDeploymentPostprocessing = 0;
			shellPath = /bin/sh;
			shellScript = "if [[ \"$(uname -m)\" == arm64 ]]; then\n    export PATH=\"/opt/homebrew/bin:$PATH\"\nfi\n\nif which swiftlint > /dev/null; then\n  swiftlint\nelse\n  echo \"warning: SwiftLint not installed, download from https://github.com/realm/SwiftLint\"\nfi\n";
		};
/* End PBXShellScriptBuildPhase section */

/* Begin PBXSourcesBuildPhase section */
		CF6414DB23E4C1CF009C7A9E /* Sources */ = {
			isa = PBXSourcesBuildPhase;
			buildActionMask = 2147483647;
			files = (
				CFEAE3BC2A396C03006F1A96 /* CardUserListItemView.swift in Sources */,
				CFEAE3D52A396C03006F1A96 /* SearchBarFactory.swift in Sources */,
				CFEAE3C02A396C03006F1A96 /* NetworkError.swift in Sources */,
				CFEAE3D32A396C03006F1A96 /* UserDetailPageViewModel.swift in Sources */,
				CFEAE3A22A396C03006F1A96 /* ListRepoPageController.swift in Sources */,
				CFEAE3BA2A396C03006F1A96 /* CardTouch.swift in Sources */,
				CFEAE3ED2A397FA5006F1A96 /* ControllerFake.swift in Sources */,
				CFEAE3B52A396C03006F1A96 /* Constraints.swift in Sources */,
				CFEAE3AC2A396C03006F1A96 /* NavigationController.swift in Sources */,
				CFEAE3BE2A396C03006F1A96 /* ListRepoPageCoordinator.swift in Sources */,
				CFEAE3B12A396C03006F1A96 /* AppCoordinator.swift in Sources */,
				CFB602902A3A17660025310C /* LoadingViewControllerTests.swift in Sources */,
				CFB6028D2A3A14E40025310C /* NavigationControllerTests.swift in Sources */,
				CFEAE3BB2A396C03006F1A96 /* ListUsersPageFactory.swift in Sources */,
				CFEAE3D02A396C03006F1A96 /* CardUserProfileView.swift in Sources */,
				CFEAE3A32A396C03006F1A96 /* ListUsersPageViewModel.swift in Sources */,
				CFEAE3B42A396C03006F1A96 /* ListDataHandler.swift in Sources */,
				CFEAE3C82A396C03006F1A96 /* CardRepoListItemView.swift in Sources */,
				CFEAE3A62A396C03006F1A96 /* LoadingManagers.swift in Sources */,
				CFEAE3B92A396C03006F1A96 /* ListFactoryView.swift in Sources */,
				CFEAE3C52A396C03006F1A96 /* AppDelegate.swift in Sources */,
				CFEAE3B72A396C03006F1A96 /* AlertViewFactory.swift in Sources */,
				CFEAE3B82A396C03006F1A96 /* NetworkHeaderFactory.swift in Sources */,
				CFEAE3CB2A396C03006F1A96 /* LoadingPresentable.swift in Sources */,
				CFEAE3CD2A396C03006F1A96 /* NetworkConnectable.swift in Sources */,
				CFEAE3D12A396C03006F1A96 /* GenericTableViewCell.swift in Sources */,
				CFEAE3CF2A396C03006F1A96 /* UserDetailPageCoordinator.swift in Sources */,
				CFEAE3A72A396C03006F1A96 /* CardFactory.swift in Sources */,
				CFEAE3A52A396C03006F1A96 /* SearchResult.swift in Sources */,
				CFEAE3C12A396C03006F1A96 /* Coordinator.swift in Sources */,
				CFEAE3E62A397E05006F1A96 /* FakeUserModel.swift in Sources */,
				CFEAE3E82A397F0F006F1A96 /* AlertViewFactoryTests.swift in Sources */,
				CFEAE3B02A396C03006F1A96 /* CustomCell.swift in Sources */,
				CFEAE3A92A396C03006F1A96 /* LoadingViewController.swift in Sources */,
				CFEAE3A82A396C03006F1A96 /* UserDetailPageFactory.swift in Sources */,
				CFEAE3EA2A397F5D006F1A96 /* ListViewTests.swift in Sources */,
				CFEAE3AA2A396C03006F1A96 /* NetworkUserInfo.swift in Sources */,
				CFEAE3D42A396C03006F1A96 /* AlertPresentable.swift in Sources */,
				CFEAE3C62A396C03006F1A96 /* ListResposPageViewModel.swift in Sources */,
				CFEAE3CC2A396C03006F1A96 /* ApiRoute.swift in Sources */,
				CFEAE3CA2A396C03006F1A96 /* FactoryPage.swift in Sources */,
				CFEAE3B22A396C03006F1A96 /* URLPathBuildable.swift in Sources */,
				CFEAE3C32A396C03006F1A96 /* ColorAsset.swift in Sources */,
				CFEAE3DF2A39745C006F1A96 /* NetworkErrorTests.swift in Sources */,
				CFEAE3C92A396C03006F1A96 /* ViewModelHandlerEventsControllerDelegate.swift in Sources */,
				CFEAE3B62A396C03006F1A96 /* CardModelHandler.swift in Sources */,
				CFEAE3E22A397A74006F1A96 /* CardFactoryTests.swift in Sources */,
				CFEAE3A42A396C03006F1A96 /* NetworkHeaderMaker.swift in Sources */,
				CFEAE3AE2A396C03006F1A96 /* LocalizedText.swift in Sources */,
				CFEAE3C72A396C03006F1A96 /* RequestParams.swift in Sources */,
				CFEAE3DD2A396FCD006F1A96 /* ApiRoutesTest.swift in Sources */,
				CFEAE3BD2A396C03006F1A96 /* Card.swift in Sources */,
				CFEAE3D62A396C03006F1A96 /* ListUsersPageController.swift in Sources */,
				CFB602932A3A18D90025310C /* UISearchTests.swift in Sources */,
				CFEAE3AD2A396C03006F1A96 /* RepoListItem.swift in Sources */,
				CFEAE3D22A396C03006F1A96 /* LayoutView.swift in Sources */,
				CFEAE3B32A396C03006F1A96 /* Model.swift in Sources */,
				CFEAE3AB2A396C03006F1A96 /* SearchHandlerEvents.swift in Sources */,
				CFEAE3C42A396C03006F1A96 /* ListUsersPageCoordinator.swift in Sources */,
				CFEAE3BF2A396C03006F1A96 /* ListRepoPageFactory.swift in Sources */,
				CFEAE3AF2A396C03006F1A96 /* UserDetailPageController.swift in Sources */,
				CFEAE3CE2A396C03006F1A96 /* Identifier.swift in Sources */,
				CFEAE3DB2A396D43006F1A96 /* NetworkHeaderMakerTests.swift in Sources */,
				CFEAE3C22A396C03006F1A96 /* UserDetailProfile.swift in Sources */,
			);
			runOnlyForDeploymentPostprocessing = 0;
		};
		CF9601AA23DA2A1E00916EF1 /* Sources */ = {
			isa = PBXSourcesBuildPhase;
			buildActionMask = 2147483647;
			files = (
				CFAB5CF52A111A3B0091F1FF /* CardModelHandler.swift in Sources */,
				CFAB5D012A11CF6F0091F1FF /* SearchResult.swift in Sources */,
				CF4D914B2A0FFB3C000BE331 /* ListRepoPageCoordinator.swift in Sources */,
				CFAB5CEB2A105F010091F1FF /* ListUsersPageViewModel.swift in Sources */,
				CFAB5CCA2A1053D30091F1FF /* ApiRoute.swift in Sources */,
				CFAB5D0C2A11E1DB0091F1FF /* CardUserProfileView.swift in Sources */,
				CFAB5CC42A1048C30091F1FF /* RepoListItem.swift in Sources */,
				CFAB5D2C2A1332930091F1FF /* NavigationController.swift in Sources */,
				CFAB5D1E2A127B770091F1FF /* SearchHandlerEvents.swift in Sources */,
				CFAB5CB02A0FFF5A0091F1FF /* NetworkConnectable.swift in Sources */,
				CFAB5CF32A1117C40091F1FF /* Identifier.swift in Sources */,
				CF4D91432A0FF994000BE331 /* ListRepoPageController.swift in Sources */,
				CFAB5CEA2A105F010091F1FF /* ListUsersPageFactory.swift in Sources */,
				CFAB5CE92A105F010091F1FF /* ListUsersPageController.swift in Sources */,
				CFAB5D162A1208D00091F1FF /* SearchBarFactory.swift in Sources */,
				CFAB5CFB2A1121270091F1FF /* CardFactory.swift in Sources */,
				CFAB5D332A133C410091F1FF /* AlertPresentable.swift in Sources */,
				CFAB5CDD2A105A250091F1FF /* UserDetailPageCoordinator.swift in Sources */,
				CFAB5D312A133B660091F1FF /* AlertViewFactory.swift in Sources */,
				CFAB5D202A127C090091F1FF /* ViewModelHandlerEventsControllerDelegate.swift in Sources */,
				CFF2EA112A0F259800709168 /* Constraints.swift in Sources */,
				CFAB5CDE2A105A250091F1FF /* UserDetailPageController.swift in Sources */,
				CFAB5CE82A105F010091F1FF /* ListUsersPageCoordinator.swift in Sources */,
				CFAB5D182A1217590091F1FF /* ListDataHandler.swift in Sources */,
				CFAB5CB82A1002B30091F1FF /* RequestParams.swift in Sources */,
				CF4D91482A0FFAEC000BE331 /* ListRepoPageFactory.swift in Sources */,
				CFAB5CFF2A112D620091F1FF /* NetworkUserInfo.swift in Sources */,
				CFAB5D1A2A1218BF0091F1FF /* ListFactoryView.swift in Sources */,
				CFAB5CBD2A100E430091F1FF /* NetworkError.swift in Sources */,
				CFAB5D232A12F2F60091F1FF /* ColorAsset.swift in Sources */,
				CFAB5CF02A1114ED0091F1FF /* GenericTableViewCell.swift in Sources */,
				CFAB5CAE2A0FFF110091F1FF /* Card.swift in Sources */,
				CFAB5D292A132F200091F1FF /* LoadingPresentable.swift in Sources */,
				CF4D91522A0FFC07000BE331 /* ListResposPageViewModel.swift in Sources */,
				CFAB5D052A11DEE70091F1FF /* LayoutView.swift in Sources */,
				CFD3A6B723DA308A00EB6D4D /* AppDelegate.swift in Sources */,
				CFAB5D0A2A11E1BF0091F1FF /* CardRepoListItemView.swift in Sources */,
				CFAB5CD72A1059AF0091F1FF /* AppCoordinator.swift in Sources */,
				CFAB5D262A132D330091F1FF /* LoadingViewController.swift in Sources */,
				CFAB5D2E2A13342E0091F1FF /* LoadingManagers.swift in Sources */,
				CFD3A6DA23DA443200EB6D4D /* LocalizedText.swift in Sources */,
				CFAB5D032A11D5480091F1FF /* Model.swift in Sources */,
				CFAB5CFD2A1124830091F1FF /* NetworkHeaderMaker.swift in Sources */,
				CFAB5CC22A10476D0091F1FF /* UserDetailProfile.swift in Sources */,
				CFAB5D082A11E1940091F1FF /* CardUserListItemView.swift in Sources */,
				CFAB5CED2A1060620091F1FF /* FactoryPage.swift in Sources */,
				CFA0234E2A38CAF10056154D /* URLPathBuildable.swift in Sources */,
				CFAB5CE12A105A250091F1FF /* UserDetailPageViewModel.swift in Sources */,
				CFAB5CBB2A1006160091F1FF /* NetworkHeaderFactory.swift in Sources */,
				CFAB5CDF2A105A250091F1FF /* UserDetailPageFactory.swift in Sources */,
				CFAB5D0E2A11EF1B0091F1FF /* CardTouch.swift in Sources */,
				CFAB5CF72A111A840091F1FF /* CustomCell.swift in Sources */,
				CF4D91502A0FFBAE000BE331 /* Coordinator.swift in Sources */,
			);
			runOnlyForDeploymentPostprocessing = 0;
		};
/* End PBXSourcesBuildPhase section */

/* Begin PBXTargetDependency section */
		CF6414E523E4C1CF009C7A9E /* PBXTargetDependency */ = {
			isa = PBXTargetDependency;
			target = CF9601AD23DA2A1E00916EF1 /* github-person */;
			targetProxy = CF6414E423E4C1CF009C7A9E /* PBXContainerItemProxy */;
		};
/* End PBXTargetDependency section */

/* Begin PBXVariantGroup section */
		CFD3A6CF23DA3F9700EB6D4D /* Localizable-pt-BR.strings */ = {
			isa = PBXVariantGroup;
			children = (
				CFD3A6CE23DA3F9700EB6D4D /* pt-BR */,
			);
			name = "Localizable-pt-BR.strings";
			sourceTree = "<group>";
		};
/* End PBXVariantGroup section */

/* Begin XCBuildConfiguration section */
		CF6414E723E4C1CF009C7A9E /* Debug */ = {
			isa = XCBuildConfiguration;
			buildSettings = {
				CODE_SIGN_STYLE = Automatic;
				INFOPLIST_FILE = "$(SRCROOT)/source/test/Info.plist";
				IPHONEOS_DEPLOYMENT_TARGET = 13.6;
				LD_RUNPATH_SEARCH_PATHS = (
					"$(inherited)",
					"@executable_path/Frameworks",
					"@loader_path/Frameworks",
				);
				PRODUCT_BUNDLE_IDENTIFIER = "com.outlook.tiagofly.github-persontests";
				PRODUCT_NAME = "$(TARGET_NAME)";
				SUPPORTED_PLATFORMS = "iphoneos iphonesimulator";
				SUPPORTS_MACCATALYST = NO;
				SUPPORTS_MAC_DESIGNED_FOR_IPHONE_IPAD = NO;
				SWIFT_VERSION = 5.0;
				TARGETED_DEVICE_FAMILY = "1,2";
			};
			name = Debug;
		};
		CF6414E823E4C1CF009C7A9E /* Release */ = {
			isa = XCBuildConfiguration;
			buildSettings = {
				CODE_SIGN_STYLE = Automatic;
				INFOPLIST_FILE = "$(SRCROOT)/source/test/Info.plist";
				IPHONEOS_DEPLOYMENT_TARGET = 13.6;
				LD_RUNPATH_SEARCH_PATHS = (
					"$(inherited)",
					"@executable_path/Frameworks",
					"@loader_path/Frameworks",
				);
				PRODUCT_BUNDLE_IDENTIFIER = "com.outlook.tiagofly.github-persontests";
				PRODUCT_NAME = "$(TARGET_NAME)";
				SUPPORTED_PLATFORMS = "iphoneos iphonesimulator";
				SUPPORTS_MACCATALYST = NO;
				SUPPORTS_MAC_DESIGNED_FOR_IPHONE_IPAD = NO;
				SWIFT_VERSION = 5.0;
				TARGETED_DEVICE_FAMILY = "1,2";
			};
			name = Release;
		};
		CF9601C023DA2A2200916EF1 /* Debug */ = {
			isa = XCBuildConfiguration;
			buildSettings = {
				ALWAYS_SEARCH_USER_PATHS = NO;
				CLANG_ANALYZER_LOCALIZABILITY_NONLOCALIZED = YES;
				CLANG_ANALYZER_NONNULL = YES;
				CLANG_ANALYZER_NUMBER_OBJECT_CONVERSION = YES_AGGRESSIVE;
				CLANG_CXX_LANGUAGE_STANDARD = "gnu++14";
				CLANG_CXX_LIBRARY = "libc++";
				CLANG_ENABLE_MODULES = YES;
				CLANG_ENABLE_OBJC_ARC = YES;
				CLANG_ENABLE_OBJC_WEAK = YES;
				CLANG_WARN_BLOCK_CAPTURE_AUTORELEASING = YES;
				CLANG_WARN_BOOL_CONVERSION = YES;
				CLANG_WARN_COMMA = YES;
				CLANG_WARN_CONSTANT_CONVERSION = YES;
				CLANG_WARN_DEPRECATED_OBJC_IMPLEMENTATIONS = YES;
				CLANG_WARN_DIRECT_OBJC_ISA_USAGE = YES_ERROR;
				CLANG_WARN_DOCUMENTATION_COMMENTS = YES;
				CLANG_WARN_EMPTY_BODY = YES;
				CLANG_WARN_ENUM_CONVERSION = YES;
				CLANG_WARN_INFINITE_RECURSION = YES;
				CLANG_WARN_INT_CONVERSION = YES;
				CLANG_WARN_NON_LITERAL_NULL_CONVERSION = YES;
				CLANG_WARN_OBJC_IMPLICIT_RETAIN_SELF = YES;
				CLANG_WARN_OBJC_LITERAL_CONVERSION = YES;
				CLANG_WARN_OBJC_ROOT_CLASS = YES_ERROR;
				CLANG_WARN_QUOTED_INCLUDE_IN_FRAMEWORK_HEADER = YES;
				CLANG_WARN_RANGE_LOOP_ANALYSIS = YES;
				CLANG_WARN_STRICT_PROTOTYPES = YES;
				CLANG_WARN_SUSPICIOUS_MOVE = YES;
				CLANG_WARN_UNGUARDED_AVAILABILITY = YES_AGGRESSIVE;
				CLANG_WARN_UNREACHABLE_CODE = YES;
				CLANG_WARN__DUPLICATE_METHOD_MATCH = YES;
				COPY_PHASE_STRIP = NO;
				DEBUG_INFORMATION_FORMAT = dwarf;
				ENABLE_STRICT_OBJC_MSGSEND = YES;
				ENABLE_TESTABILITY = YES;
				GCC_C_LANGUAGE_STANDARD = gnu11;
				GCC_DYNAMIC_NO_PIC = NO;
				GCC_NO_COMMON_BLOCKS = YES;
				GCC_OPTIMIZATION_LEVEL = 0;
				GCC_PREPROCESSOR_DEFINITIONS = (
					"DEBUG=1",
					"$(inherited)",
				);
				GCC_WARN_64_TO_32_BIT_CONVERSION = YES;
				GCC_WARN_ABOUT_RETURN_TYPE = YES_ERROR;
				GCC_WARN_UNDECLARED_SELECTOR = YES;
				GCC_WARN_UNINITIALIZED_AUTOS = YES_AGGRESSIVE;
				GCC_WARN_UNUSED_FUNCTION = YES;
				GCC_WARN_UNUSED_VARIABLE = YES;
				IPHONEOS_DEPLOYMENT_TARGET = 13.6;
				MTL_ENABLE_DEBUG_INFO = INCLUDE_SOURCE;
				MTL_FAST_MATH = YES;
				ONLY_ACTIVE_ARCH = YES;
				SDKROOT = iphoneos;
				SWIFT_ACTIVE_COMPILATION_CONDITIONS = DEBUG;
				SWIFT_OPTIMIZATION_LEVEL = "-Onone";
			};
			name = Debug;
		};
		CF9601C123DA2A2200916EF1 /* Release */ = {
			isa = XCBuildConfiguration;
			buildSettings = {
				ALWAYS_SEARCH_USER_PATHS = NO;
				CLANG_ANALYZER_LOCALIZABILITY_NONLOCALIZED = YES;
				CLANG_ANALYZER_NONNULL = YES;
				CLANG_ANALYZER_NUMBER_OBJECT_CONVERSION = YES_AGGRESSIVE;
				CLANG_CXX_LANGUAGE_STANDARD = "gnu++14";
				CLANG_CXX_LIBRARY = "libc++";
				CLANG_ENABLE_MODULES = YES;
				CLANG_ENABLE_OBJC_ARC = YES;
				CLANG_ENABLE_OBJC_WEAK = YES;
				CLANG_WARN_BLOCK_CAPTURE_AUTORELEASING = YES;
				CLANG_WARN_BOOL_CONVERSION = YES;
				CLANG_WARN_COMMA = YES;
				CLANG_WARN_CONSTANT_CONVERSION = YES;
				CLANG_WARN_DEPRECATED_OBJC_IMPLEMENTATIONS = YES;
				CLANG_WARN_DIRECT_OBJC_ISA_USAGE = YES_ERROR;
				CLANG_WARN_DOCUMENTATION_COMMENTS = YES;
				CLANG_WARN_EMPTY_BODY = YES;
				CLANG_WARN_ENUM_CONVERSION = YES;
				CLANG_WARN_INFINITE_RECURSION = YES;
				CLANG_WARN_INT_CONVERSION = YES;
				CLANG_WARN_NON_LITERAL_NULL_CONVERSION = YES;
				CLANG_WARN_OBJC_IMPLICIT_RETAIN_SELF = YES;
				CLANG_WARN_OBJC_LITERAL_CONVERSION = YES;
				CLANG_WARN_OBJC_ROOT_CLASS = YES_ERROR;
				CLANG_WARN_QUOTED_INCLUDE_IN_FRAMEWORK_HEADER = YES;
				CLANG_WARN_RANGE_LOOP_ANALYSIS = YES;
				CLANG_WARN_STRICT_PROTOTYPES = YES;
				CLANG_WARN_SUSPICIOUS_MOVE = YES;
				CLANG_WARN_UNGUARDED_AVAILABILITY = YES_AGGRESSIVE;
				CLANG_WARN_UNREACHABLE_CODE = YES;
				CLANG_WARN__DUPLICATE_METHOD_MATCH = YES;
				COPY_PHASE_STRIP = NO;
				DEBUG_INFORMATION_FORMAT = "dwarf-with-dsym";
				ENABLE_NS_ASSERTIONS = NO;
				ENABLE_STRICT_OBJC_MSGSEND = YES;
				GCC_C_LANGUAGE_STANDARD = gnu11;
				GCC_NO_COMMON_BLOCKS = YES;
				GCC_WARN_64_TO_32_BIT_CONVERSION = YES;
				GCC_WARN_ABOUT_RETURN_TYPE = YES_ERROR;
				GCC_WARN_UNDECLARED_SELECTOR = YES;
				GCC_WARN_UNINITIALIZED_AUTOS = YES_AGGRESSIVE;
				GCC_WARN_UNUSED_FUNCTION = YES;
				GCC_WARN_UNUSED_VARIABLE = YES;
				IPHONEOS_DEPLOYMENT_TARGET = 13.6;
				MTL_ENABLE_DEBUG_INFO = NO;
				MTL_FAST_MATH = YES;
				SDKROOT = iphoneos;
				SWIFT_COMPILATION_MODE = wholemodule;
				SWIFT_OPTIMIZATION_LEVEL = "-O";
				VALIDATE_PRODUCT = YES;
			};
			name = Release;
		};
		CF9601C323DA2A2200916EF1 /* Debug */ = {
			isa = XCBuildConfiguration;
			buildSettings = {
				ASSETCATALOG_COMPILER_APPICON_NAME = AppIcon;
				CODE_SIGN_STYLE = Automatic;
				CURRENT_PROJECT_VERSION = 2023.05.13.1.1;
				ENABLE_TESTING_SEARCH_PATHS = YES;
				FRAMEWORK_SEARCH_PATHS = "$(inherited)";
				INFOPLIST_FILE = "$(SRCROOT)/source/app/supportfiles/plists/Info.plist";
				IPHONEOS_DEPLOYMENT_TARGET = 13.6;
				LD_RUNPATH_SEARCH_PATHS = (
					"$(inherited)",
					"@executable_path/Frameworks",
				);
				MARKETING_VERSION = 1.0.0;
				PRODUCT_BUNDLE_IDENTIFIER = "com.outlook.tiagofly.github-person";
				PRODUCT_NAME = "$(TARGET_NAME)";
				SUPPORTED_PLATFORMS = "iphoneos iphonesimulator";
				SUPPORTS_MACCATALYST = NO;
				SUPPORTS_MAC_DESIGNED_FOR_IPHONE_IPAD = NO;
				SWIFT_VERSION = 5.0;
				TARGETED_DEVICE_FAMILY = "1,2";
			};
			name = Debug;
		};
		CF9601C423DA2A2200916EF1 /* Release */ = {
			isa = XCBuildConfiguration;
			buildSettings = {
				ASSETCATALOG_COMPILER_APPICON_NAME = AppIcon;
				CODE_SIGN_STYLE = Automatic;
				CURRENT_PROJECT_VERSION = 2023.05.13.1.1;
				ENABLE_NS_ASSERTIONS = NO;
				ENABLE_TESTING_SEARCH_PATHS = YES;
				FRAMEWORK_SEARCH_PATHS = "$(inherited)";
				GCC_PREPROCESSOR_DEFINITIONS = "";
				INFOPLIST_FILE = "$(SRCROOT)/source/app/supportfiles/plists/Info.plist";
				IPHONEOS_DEPLOYMENT_TARGET = 13.6;
				LD_RUNPATH_SEARCH_PATHS = (
					"$(inherited)",
					"@executable_path/Frameworks",
				);
				MARKETING_VERSION = 1.0.0;
				PRODUCT_BUNDLE_IDENTIFIER = "com.outlook.tiagofly.github-person";
				PRODUCT_NAME = "$(TARGET_NAME)";
				SUPPORTED_PLATFORMS = "iphoneos iphonesimulator";
				SUPPORTS_MACCATALYST = NO;
				SUPPORTS_MAC_DESIGNED_FOR_IPHONE_IPAD = NO;
				SWIFT_VERSION = 5.0;
				TARGETED_DEVICE_FAMILY = "1,2";
			};
			name = Release;
		};
/* End XCBuildConfiguration section */

/* Begin XCConfigurationList section */
		CF6414E623E4C1CF009C7A9E /* Build configuration list for PBXNativeTarget "github-personTests" */ = {
			isa = XCConfigurationList;
			buildConfigurations = (
				CF6414E723E4C1CF009C7A9E /* Debug */,
				CF6414E823E4C1CF009C7A9E /* Release */,
			);
			defaultConfigurationIsVisible = 0;
			defaultConfigurationName = Release;
		};
		CF9601A923DA2A1E00916EF1 /* Build configuration list for PBXProject "github-person" */ = {
			isa = XCConfigurationList;
			buildConfigurations = (
				CF9601C023DA2A2200916EF1 /* Debug */,
				CF9601C123DA2A2200916EF1 /* Release */,
			);
			defaultConfigurationIsVisible = 0;
			defaultConfigurationName = Release;
		};
		CF9601C223DA2A2200916EF1 /* Build configuration list for PBXNativeTarget "github-person" */ = {
			isa = XCConfigurationList;
			buildConfigurations = (
				CF9601C323DA2A2200916EF1 /* Debug */,
				CF9601C423DA2A2200916EF1 /* Release */,
			);
			defaultConfigurationIsVisible = 0;
			defaultConfigurationName = Release;
		};
/* End XCConfigurationList section */

/* Begin XCRemoteSwiftPackageReference section */
		CFB602882A3A14080025310C /* XCRemoteSwiftPackageReference "swift-snapshot-testing" */ = {
			isa = XCRemoteSwiftPackageReference;
			repositoryURL = "https://github.com/pointfreeco/swift-snapshot-testing";
			requirement = {
				kind = exactVersion;
				version = 1.11.0;
			};
		};
		CFE2D5A32A0F4E02001F649F /* XCRemoteSwiftPackageReference "Alamofire" */ = {
			isa = XCRemoteSwiftPackageReference;
			repositoryURL = "https://github.com/Alamofire/Alamofire";
			requirement = {
				kind = exactVersion;
				version = 5.7.1;
			};
		};
		CFE2D5A62A0F4E17001F649F /* XCRemoteSwiftPackageReference "Kingfisher" */ = {
			isa = XCRemoteSwiftPackageReference;
			repositoryURL = "https://github.com/onevcat/Kingfisher";
			requirement = {
				kind = exactVersion;
				version = 7.6.2;
			};
		};
/* End XCRemoteSwiftPackageReference section */

/* Begin XCSwiftPackageProductDependency section */
		CFB602892A3A14080025310C /* SnapshotTesting */ = {
			isa = XCSwiftPackageProductDependency;
			package = CFB602882A3A14080025310C /* XCRemoteSwiftPackageReference "swift-snapshot-testing" */;
			productName = SnapshotTesting;
		};
		CFE2D5A42A0F4E02001F649F /* Alamofire */ = {
			isa = XCSwiftPackageProductDependency;
			package = CFE2D5A32A0F4E02001F649F /* XCRemoteSwiftPackageReference "Alamofire" */;
			productName = Alamofire;
		};
		CFE2D5A72A0F4E17001F649F /* Kingfisher */ = {
			isa = XCSwiftPackageProductDependency;
			package = CFE2D5A62A0F4E17001F649F /* XCRemoteSwiftPackageReference "Kingfisher" */;
			productName = Kingfisher;
		};
		CFEAE39E2A396A15006F1A96 /* Alamofire */ = {
			isa = XCSwiftPackageProductDependency;
			package = CFE2D5A32A0F4E02001F649F /* XCRemoteSwiftPackageReference "Alamofire" */;
			productName = Alamofire;
		};
		CFEAE3A02A396A15006F1A96 /* Kingfisher */ = {
			isa = XCSwiftPackageProductDependency;
			package = CFE2D5A62A0F4E17001F649F /* XCRemoteSwiftPackageReference "Kingfisher" */;
			productName = Kingfisher;
		};
/* End XCSwiftPackageProductDependency section */
	};
	rootObject = CF9601A623DA2A1E00916EF1 /* Project object */;
}
